
Microsoft Visual Studio Solution File, Format Version 12.00
# Visual Studio Version 17
VisualStudioVersion = 17.13.35931.197 d17.13
MinimumVisualStudioVersion = 10.0.40219.1
Project("{FAE04EC0-301F-11D3-BF4B-00C04F79EFBC}") = "JomBajet", "JomBajet\JomBajet.csproj", "{B8A9377D-2C88-48A8-99BE-8F3290D21235}"
EndProject
Global
	GlobalSection(SolutionConfigurationPlatforms) = preSolution
		Debug|Any CPU = Debug|Any CPU
		Release|Any CPU = Release|Any CPU
	EndGlobalSection
	GlobalSection(ProjectConfigurationPlatforms) = postSolution
		{B8A9377D-2C88-48A8-99BE-8F3290D21235}.Debug|Any CPU.ActiveCfg = Debug|Any CPU
		{B8A9377D-2C88-48A8-99BE-8F3290D21235}.Debug|Any CPU.Build.0 = Debug|Any CPU
		{B8A9377D-2C88-48A8-99BE-8F3290D21235}.Release|Any CPU.ActiveCfg = Release|Any CPU
		{B8A9377D-2C88-48A8-99BE-8F3290D21235}.Release|Any CPU.Build.0 = Release|Any CPU
	EndGlobalSection
	GlobalSection(SolutionProperties) = preSolution
		HideSolutionNode = FALSE
	EndGlobalSection
	GlobalSection(ExtensibilityGlobals) = postSolution
		SolutionGuid = {F109474A-CE85-4B5B-81FC-AB6807271E70}
	EndGlobalSection
EndGlobal
